
Microsoft Visual Studio Solution File, Format Version 12.00
# Visual Studio Version 17
VisualStudioVersion = 17.4.33122.133
MinimumVisualStudioVersion = 10.0.40219.1
Project("{FAE04EC0-301F-11D3-BF4B-00C04F79EFBC}") = "Proyecto Cap 7 Ej 1.2", "Proyecto Cap 7 Ej 1.2\Proyecto Cap 7 Ej 1.2.csproj", "{C0277B26-E7D2-4866-B83F-8C372156C86F}"
EndProject
Global
	GlobalSection(SolutionConfigurationPlatforms) = preSolution
		Debug|Any CPU = Debug|Any CPU
		Release|Any CPU = Release|Any CPU
	EndGlobalSection
	GlobalSection(ProjectConfigurationPlatforms) = postSolution
		{C0277B26-E7D2-4866-B83F-8C372156C86F}.Debug|Any CPU.ActiveCfg = Debug|Any CPU
		{C0277B26-E7D2-4866-B83F-8C372156C86F}.Debug|Any CPU.Build.0 = Debug|Any CPU
		{C0277B26-E7D2-4866-B83F-8C372156C86F}.Release|Any CPU.ActiveCfg = Release|Any CPU
		{C0277B26-E7D2-4866-B83F-8C372156C86F}.Release|Any CPU.Build.0 = Release|Any CPU
	EndGlobalSection
	GlobalSection(SolutionProperties) = preSolution
		HideSolutionNode = FALSE
	EndGlobalSection
	GlobalSection(ExtensibilityGlobals) = postSolution
		SolutionGuid = {8AB328AF-A218-438A-BF8D-5ABBA88E982D}
	EndGlobalSection
EndGlobal
