
Microsoft Visual Studio Solution File, Format Version 12.00
# Visual Studio Version 17
VisualStudioVersion = 17.4.33122.133
MinimumVisualStudioVersion = 10.0.40219.1
Project("{FAE04EC0-301F-11D3-BF4B-00C04F79EFBC}") = "Proyecto Cap 7 Ej-1", "Proyecto Cap 7 Ej-1\Proyecto Cap 7 Ej-1.csproj", "{F6DB1D05-C871-4D95-89AE-867003C11443}"
EndProject
Global
	GlobalSection(SolutionConfigurationPlatforms) = preSolution
		Debug|Any CPU = Debug|Any CPU
		Release|Any CPU = Release|Any CPU
	EndGlobalSection
	GlobalSection(ProjectConfigurationPlatforms) = postSolution
		{F6DB1D05-C871-4D95-89AE-867003C11443}.Debug|Any CPU.ActiveCfg = Debug|Any CPU
		{F6DB1D05-C871-4D95-89AE-867003C11443}.Debug|Any CPU.Build.0 = Debug|Any CPU
		{F6DB1D05-C871-4D95-89AE-867003C11443}.Release|Any CPU.ActiveCfg = Release|Any CPU
		{F6DB1D05-C871-4D95-89AE-867003C11443}.Release|Any CPU.Build.0 = Release|Any CPU
	EndGlobalSection
	GlobalSection(SolutionProperties) = preSolution
		HideSolutionNode = FALSE
	EndGlobalSection
	GlobalSection(ExtensibilityGlobals) = postSolution
		SolutionGuid = {932B9E23-6B40-4CBA-8F1F-FE0181FDF677}
	EndGlobalSection
EndGlobal
